
Microsoft Visual Studio Solution File, Format Version 12.00
# Visual Studio 15
VisualStudioVersion = 15.0.27428.2037
MinimumVisualStudioVersion = 10.0.40219.1
Project("{2150E333-8FDC-42A3-9474-1A3956D46DE8}") = "Day1", "Day1", "{10ACF136-F86E-46DE-801A-AE40D377D179}"
EndProject
Project("{FAE04EC0-301F-11D3-BF4B-00C04F79EFBC}") = "WebApplication1", "Day1\WebApplication1\WebApplication1.csproj", "{C322D3CE-554A-41A0-AFDC-B8BB4E5675DB}"
EndProject
Project("{2150E333-8FDC-42A3-9474-1A3956D46DE8}") = "Day2", "Day2", "{2DA10D4D-0610-40F9-9CB7-34EDFCE69B22}"
EndProject
Project("{FAE04EC0-301F-11D3-BF4B-00C04F79EFBC}") = "Workshop1", "Day2\Workshop1\Workshop1.csproj", "{2724B68C-6C66-4746-8DC6-089489AB6BFE}"
EndProject
Project("{2150E333-8FDC-42A3-9474-1A3956D46DE8}") = "Day3", "Day3", "{F0B5DF03-E331-441C-97B7-4CE8C8396818}"
EndProject
Project("{FAE04EC0-301F-11D3-BF4B-00C04F79EFBC}") = "WebApplication3", "Day3\WebApplication3\WebApplication3.csproj", "{EF2487D0-C633-457B-8BD4-44E8604A0E47}"
EndProject
Project("{2150E333-8FDC-42A3-9474-1A3956D46DE8}") = "Day4", "Day4", "{75A08849-264B-4926-A0DF-8CF71F374340}"
EndProject
Project("{FAE04EC0-301F-11D3-BF4B-00C04F79EFBC}") = "WebApplication4", "Day4\WebApplication4\WebApplication4.csproj", "{A1AA490E-5D04-41CD-8F8E-D069D53739AB}"
EndProject
Project("{FAE04EC0-301F-11D3-BF4B-00C04F79EFBC}") = "WebApplication5", "Day4\WebApplication5\WebApplication5.csproj", "{947A9093-E2A7-41E3-B1AF-0C68D802867B}"
EndProject
Project("{2150E333-8FDC-42A3-9474-1A3956D46DE8}") = "Day5", "Day5", "{9EC48F77-38F6-42C1-AA25-ED06EEB5D370}"
EndProject
Project("{FAE04EC0-301F-11D3-BF4B-00C04F79EFBC}") = "WebApplication6", "Day5\WebApplication6\WebApplication6.csproj", "{D3BA74C5-8F29-4A29-B9CF-BBE21FA8FEC3}"
EndProject
Project("{FAE04EC0-301F-11D3-BF4B-00C04F79EFBC}") = "ConsoleApp1", "Day5\ConsoleApp1\ConsoleApp1.csproj", "{2559E23A-BA52-4A63-9EB9-56BC638E8BA4}"
	ProjectSection(ProjectDependencies) = postProject
		{D3BA74C5-8F29-4A29-B9CF-BBE21FA8FEC3} = {D3BA74C5-8F29-4A29-B9CF-BBE21FA8FEC3}
	EndProjectSection
EndProject
Project("{2150E333-8FDC-42A3-9474-1A3956D46DE8}") = "Day6", "Day6", "{5E19A07A-9DE1-4B3A-A80C-56EAD69D4BFE}"
EndProject
Project("{E24C65DC-7377-472B-9ABA-BC803B73C61A}") = "WebSite1(1)", "Day5\WebSite1\", "{CBCBC72E-4BA4-4DC4-9EEE-6797EB296C2C}"
	ProjectSection(WebsiteProperties) = preProject
		TargetFrameworkMoniker = ".NETFramework,Version%3Dv4.6.1"
		Debug.AspNetCompiler.VirtualPath = "/localhost_49414"
		Debug.AspNetCompiler.PhysicalPath = "Day5\WebSite1\"
		Debug.AspNetCompiler.TargetPath = "PrecompiledWeb\localhost_49414\"
		Debug.AspNetCompiler.Updateable = "true"
		Debug.AspNetCompiler.ForceOverwrite = "true"
		Debug.AspNetCompiler.FixedNames = "false"
		Debug.AspNetCompiler.Debug = "True"
		Release.AspNetCompiler.VirtualPath = "/localhost_49414"
		Release.AspNetCompiler.PhysicalPath = "Day5\WebSite1\"
		Release.AspNetCompiler.TargetPath = "PrecompiledWeb\localhost_49414\"
		Release.AspNetCompiler.Updateable = "true"
		Release.AspNetCompiler.ForceOverwrite = "true"
		Release.AspNetCompiler.FixedNames = "false"
		Release.AspNetCompiler.Debug = "False"
		VWDPort = "49414"
		SlnRelativePath = "Day5\WebSite1\"
		DefaultWebSiteLanguage = "Visual C#"
	EndProjectSection
EndProject
Project("{FAE04EC0-301F-11D3-BF4B-00C04F79EFBC}") = "WebApplication7", "Day6\WebApplication7\WebApplication7.csproj", "{4ECF3F7D-6F20-496D-8414-0EA86F225D58}"
EndProject
Project("{2150E333-8FDC-42A3-9474-1A3956D46DE8}") = "TestProjects", "TestProjects", "{DEEB10B5-9E8D-4531-A950-9E132C1BBD88}"
EndProject
Global
	GlobalSection(SolutionConfigurationPlatforms) = preSolution
		Debug|Any CPU = Debug|Any CPU
		Release|Any CPU = Release|Any CPU
	EndGlobalSection
	GlobalSection(ProjectConfigurationPlatforms) = postSolution
		{C322D3CE-554A-41A0-AFDC-B8BB4E5675DB}.Debug|Any CPU.ActiveCfg = Debug|Any CPU
		{C322D3CE-554A-41A0-AFDC-B8BB4E5675DB}.Debug|Any CPU.Build.0 = Debug|Any CPU
		{C322D3CE-554A-41A0-AFDC-B8BB4E5675DB}.Release|Any CPU.ActiveCfg = Release|Any CPU
		{C322D3CE-554A-41A0-AFDC-B8BB4E5675DB}.Release|Any CPU.Build.0 = Release|Any CPU
		{2724B68C-6C66-4746-8DC6-089489AB6BFE}.Debug|Any CPU.ActiveCfg = Debug|Any CPU
		{2724B68C-6C66-4746-8DC6-089489AB6BFE}.Debug|Any CPU.Build.0 = Debug|Any CPU
		{2724B68C-6C66-4746-8DC6-089489AB6BFE}.Release|Any CPU.ActiveCfg = Release|Any CPU
		{2724B68C-6C66-4746-8DC6-089489AB6BFE}.Release|Any CPU.Build.0 = Release|Any CPU
		{EF2487D0-C633-457B-8BD4-44E8604A0E47}.Debug|Any CPU.ActiveCfg = Debug|Any CPU
		{EF2487D0-C633-457B-8BD4-44E8604A0E47}.Debug|Any CPU.Build.0 = Debug|Any CPU
		{EF2487D0-C633-457B-8BD4-44E8604A0E47}.Release|Any CPU.ActiveCfg = Release|Any CPU
		{EF2487D0-C633-457B-8BD4-44E8604A0E47}.Release|Any CPU.Build.0 = Release|Any CPU
		{A1AA490E-5D04-41CD-8F8E-D069D53739AB}.Debug|Any CPU.ActiveCfg = Debug|Any CPU
		{A1AA490E-5D04-41CD-8F8E-D069D53739AB}.Debug|Any CPU.Build.0 = Debug|Any CPU
		{A1AA490E-5D04-41CD-8F8E-D069D53739AB}.Release|Any CPU.ActiveCfg = Release|Any CPU
		{A1AA490E-5D04-41CD-8F8E-D069D53739AB}.Release|Any CPU.Build.0 = Release|Any CPU
		{947A9093-E2A7-41E3-B1AF-0C68D802867B}.Debug|Any CPU.ActiveCfg = Debug|Any CPU
		{947A9093-E2A7-41E3-B1AF-0C68D802867B}.Debug|Any CPU.Build.0 = Debug|Any CPU
		{947A9093-E2A7-41E3-B1AF-0C68D802867B}.Release|Any CPU.ActiveCfg = Release|Any CPU
		{947A9093-E2A7-41E3-B1AF-0C68D802867B}.Release|Any CPU.Build.0 = Release|Any CPU
		{D3BA74C5-8F29-4A29-B9CF-BBE21FA8FEC3}.Debug|Any CPU.ActiveCfg = Debug|Any CPU
		{D3BA74C5-8F29-4A29-B9CF-BBE21FA8FEC3}.Debug|Any CPU.Build.0 = Debug|Any CPU
		{D3BA74C5-8F29-4A29-B9CF-BBE21FA8FEC3}.Release|Any CPU.ActiveCfg = Release|Any CPU
		{D3BA74C5-8F29-4A29-B9CF-BBE21FA8FEC3}.Release|Any CPU.Build.0 = Release|Any CPU
		{2559E23A-BA52-4A63-9EB9-56BC638E8BA4}.Debug|Any CPU.ActiveCfg = Debug|Any CPU
		{2559E23A-BA52-4A63-9EB9-56BC638E8BA4}.Debug|Any CPU.Build.0 = Debug|Any CPU
		{2559E23A-BA52-4A63-9EB9-56BC638E8BA4}.Release|Any CPU.ActiveCfg = Release|Any CPU
		{2559E23A-BA52-4A63-9EB9-56BC638E8BA4}.Release|Any CPU.Build.0 = Release|Any CPU
		{CBCBC72E-4BA4-4DC4-9EEE-6797EB296C2C}.Debug|Any CPU.ActiveCfg = Debug|Any CPU
		{CBCBC72E-4BA4-4DC4-9EEE-6797EB296C2C}.Debug|Any CPU.Build.0 = Debug|Any CPU
		{CBCBC72E-4BA4-4DC4-9EEE-6797EB296C2C}.Release|Any CPU.ActiveCfg = Debug|Any CPU
		{CBCBC72E-4BA4-4DC4-9EEE-6797EB296C2C}.Release|Any CPU.Build.0 = Debug|Any CPU
		{4ECF3F7D-6F20-496D-8414-0EA86F225D58}.Debug|Any CPU.ActiveCfg = Debug|Any CPU
		{4ECF3F7D-6F20-496D-8414-0EA86F225D58}.Debug|Any CPU.Build.0 = Debug|Any CPU
		{4ECF3F7D-6F20-496D-8414-0EA86F225D58}.Release|Any CPU.ActiveCfg = Release|Any CPU
		{4ECF3F7D-6F20-496D-8414-0EA86F225D58}.Release|Any CPU.Build.0 = Release|Any CPU
	EndGlobalSection
	GlobalSection(SolutionProperties) = preSolution
		HideSolutionNode = FALSE
	EndGlobalSection
	GlobalSection(NestedProjects) = preSolution
		{C322D3CE-554A-41A0-AFDC-B8BB4E5675DB} = {10ACF136-F86E-46DE-801A-AE40D377D179}
		{2724B68C-6C66-4746-8DC6-089489AB6BFE} = {2DA10D4D-0610-40F9-9CB7-34EDFCE69B22}
		{EF2487D0-C633-457B-8BD4-44E8604A0E47} = {F0B5DF03-E331-441C-97B7-4CE8C8396818}
		{A1AA490E-5D04-41CD-8F8E-D069D53739AB} = {75A08849-264B-4926-A0DF-8CF71F374340}
		{947A9093-E2A7-41E3-B1AF-0C68D802867B} = {75A08849-264B-4926-A0DF-8CF71F374340}
		{D3BA74C5-8F29-4A29-B9CF-BBE21FA8FEC3} = {9EC48F77-38F6-42C1-AA25-ED06EEB5D370}
		{2559E23A-BA52-4A63-9EB9-56BC638E8BA4} = {9EC48F77-38F6-42C1-AA25-ED06EEB5D370}
		{CBCBC72E-4BA4-4DC4-9EEE-6797EB296C2C} = {5E19A07A-9DE1-4B3A-A80C-56EAD69D4BFE}
		{4ECF3F7D-6F20-496D-8414-0EA86F225D58} = {5E19A07A-9DE1-4B3A-A80C-56EAD69D4BFE}
	EndGlobalSection
	GlobalSection(ExtensibilityGlobals) = postSolution
		SolutionGuid = {F68A3219-F01A-4582-8734-43E856AEA89D}
	EndGlobalSection
EndGlobal
